
Microsoft Visual Studio Solution File, Format Version 12.00
# Visual Studio 15
VisualStudioVersion = 15.0.26228.4
MinimumVisualStudioVersion = 10.0.40219.1
Project("{FAE04EC0-301F-11D3-BF4B-00C04F79EFBC}") = "Sid.Jwt.Token.Authorization.Server", "src\Sid.Jwt.Token.Authorization.Server\Sid.Jwt.Token.Authorization.Server.csproj", "{8DA76C08-73A2-4068-987A-8C04BFE84319}"
EndProject
Project("{2150E333-8FDC-42A3-9474-1A3956D46DE8}") = "src", "src", "{C9EA1806-A638-4AF4-848E-E372FB571F5F}"
EndProject
Project("{2150E333-8FDC-42A3-9474-1A3956D46DE8}") = "sample", "sample", "{676E43F6-1EF4-4D61-9382-683A6BC471F5}"
EndProject
Project("{FAE04EC0-301F-11D3-BF4B-00C04F79EFBC}") = "Sid.Jwt.Token.Authorization.Server.Sample", "sample\Sid.Jwt.Token.Authorization.Server.Sample\Sid.Jwt.Token.Authorization.Server.Sample.csproj", "{BF634CE2-553D-461B-AD38-089B29AB3D58}"
EndProject
Global
	GlobalSection(SolutionConfigurationPlatforms) = preSolution
		Debug|Any CPU = Debug|Any CPU
		Release|Any CPU = Release|Any CPU
	EndGlobalSection
	GlobalSection(ProjectConfigurationPlatforms) = postSolution
		{8DA76C08-73A2-4068-987A-8C04BFE84319}.Debug|Any CPU.ActiveCfg = Debug|Any CPU
		{8DA76C08-73A2-4068-987A-8C04BFE84319}.Debug|Any CPU.Build.0 = Debug|Any CPU
		{8DA76C08-73A2-4068-987A-8C04BFE84319}.Release|Any CPU.ActiveCfg = Release|Any CPU
		{8DA76C08-73A2-4068-987A-8C04BFE84319}.Release|Any CPU.Build.0 = Release|Any CPU
		{BF634CE2-553D-461B-AD38-089B29AB3D58}.Debug|Any CPU.ActiveCfg = Debug|Any CPU
		{BF634CE2-553D-461B-AD38-089B29AB3D58}.Debug|Any CPU.Build.0 = Debug|Any CPU
		{BF634CE2-553D-461B-AD38-089B29AB3D58}.Release|Any CPU.ActiveCfg = Release|Any CPU
		{BF634CE2-553D-461B-AD38-089B29AB3D58}.Release|Any CPU.Build.0 = Release|Any CPU
	EndGlobalSection
	GlobalSection(SolutionProperties) = preSolution
		HideSolutionNode = FALSE
	EndGlobalSection
	GlobalSection(NestedProjects) = preSolution
		{8DA76C08-73A2-4068-987A-8C04BFE84319} = {C9EA1806-A638-4AF4-848E-E372FB571F5F}
		{BF634CE2-553D-461B-AD38-089B29AB3D58} = {676E43F6-1EF4-4D61-9382-683A6BC471F5}
	EndGlobalSection
EndGlobal
